
Microsoft Visual Studio Solution File, Format Version 12.00
# Visual Studio 15
VisualStudioVersion = 15.0.28307.421
MinimumVisualStudioVersion = 10.0.40219.1
Project("{888888A0-9F3D-457C-B088-3A5042F75D52}") = "LostXmas", "LostXmas.pyproj", "{54169822-4CC5-4D14-B21A-9BA90E787993}"
EndProject
Global
	GlobalSection(SolutionConfigurationPlatforms) = preSolution
		Debug|Any CPU = Debug|Any CPU
		Release|Any CPU = Release|Any CPU
	EndGlobalSection
	GlobalSection(ProjectConfigurationPlatforms) = postSolution
		{54169822-4CC5-4D14-B21A-9BA90E787993}.Debug|Any CPU.ActiveCfg = Debug|Any CPU
		{54169822-4CC5-4D14-B21A-9BA90E787993}.Release|Any CPU.ActiveCfg = Release|Any CPU
	EndGlobalSection
	GlobalSection(SolutionProperties) = preSolution
		HideSolutionNode = FALSE
	EndGlobalSection
	GlobalSection(ExtensibilityGlobals) = postSolution
		SolutionGuid = {BD45489B-E535-4658-89A1-A7C6AEF59F01}
	EndGlobalSection
EndGlobal
